
Microsoft Visual Studio Solution File, Format Version 12.00
# Visual Studio 15
VisualStudioVersion = 15.0.28307.1000
MinimumVisualStudioVersion = 10.0.40219.1
Project("{FAE04EC0-301F-11D3-BF4B-00C04F79EFBC}") = "ConsoleAPplication", "ConsoleAPplication\ConsoleAPplication.csproj", "{63CEF6A4-942C-4568-8BA1-5D09E0429A47}"
EndProject
Global
	GlobalSection(SolutionConfigurationPlatforms) = preSolution
		Debug|Any CPU = Debug|Any CPU
		Release|Any CPU = Release|Any CPU
	EndGlobalSection
	GlobalSection(ProjectConfigurationPlatforms) = postSolution
		{63CEF6A4-942C-4568-8BA1-5D09E0429A47}.Debug|Any CPU.ActiveCfg = Debug|Any CPU
		{63CEF6A4-942C-4568-8BA1-5D09E0429A47}.Debug|Any CPU.Build.0 = Debug|Any CPU
		{63CEF6A4-942C-4568-8BA1-5D09E0429A47}.Release|Any CPU.ActiveCfg = Release|Any CPU
		{63CEF6A4-942C-4568-8BA1-5D09E0429A47}.Release|Any CPU.Build.0 = Release|Any CPU
	EndGlobalSection
	GlobalSection(SolutionProperties) = preSolution
		HideSolutionNode = FALSE
	EndGlobalSection
	GlobalSection(ExtensibilityGlobals) = postSolution
		SolutionGuid = {2A893FD4-F364-4BA3-BB03-5FC281244C9E}
	EndGlobalSection
EndGlobal
